// !$*UTF8*$!
{
	archiveVersion = 1;
	classes = {
	};
	objectVersion = 46;
	objects = {

/* Begin PBXBuildFile section */
		F003A28E1E5DF84800EC63FB /* AdminViewController.swift in Sources */ = {isa = PBXBuildFile; fileRef = F003A28D1E5DF84800EC63FB /* AdminViewController.swift */; };
		F00A00AA1E64067B00BFA9AC /* SkyFloatingLabelTextField.swift in Sources */ = {isa = PBXBuildFile; fileRef = F00A00A91E64067B00BFA9AC /* SkyFloatingLabelTextField.swift */; };
		F00A00AC1E6406B100BFA9AC /* UITextField+fixCaretPosition.swift in Sources */ = {isa = PBXBuildFile; fileRef = F00A00AB1E6406B100BFA9AC /* UITextField+fixCaretPosition.swift */; };
		F00F69E41E5D67BC00D516BC /* ChitietViewController.swift in Sources */ = {isa = PBXBuildFile; fileRef = F00F69E31E5D67BC00D516BC /* ChitietViewController.swift */; };
		F0472C991E616D49005A3141 /* Reachability.swift in Sources */ = {isa = PBXBuildFile; fileRef = F0472C981E616D49005A3141 /* Reachability.swift */; };
		F0472CA01E618166005A3141 /* DLDemoMenuViewController.swift in Sources */ = {isa = PBXBuildFile; fileRef = F0472C9A1E618166005A3141 /* DLDemoMenuViewController.swift */; };
		F0472CA11E618166005A3141 /* DLDemoMainContentViewController.swift in Sources */ = {isa = PBXBuildFile; fileRef = F0472C9B1E618166005A3141 /* DLDemoMainContentViewController.swift */; };
		F0472CA21E618166005A3141 /* DLDemoRootViewController.swift in Sources */ = {isa = PBXBuildFile; fileRef = F0472C9C1E618166005A3141 /* DLDemoRootViewController.swift */; };
		F0472CA31E618166005A3141 /* DLHamburguerViewController.swift in Sources */ = {isa = PBXBuildFile; fileRef = F0472C9D1E618166005A3141 /* DLHamburguerViewController.swift */; };
		F0472CA41E618166005A3141 /* DLHamburguerContainerViewController.swift in Sources */ = {isa = PBXBuildFile; fileRef = F0472C9E1E618166005A3141 /* DLHamburguerContainerViewController.swift */; };
		F0472CA51E618166005A3141 /* DLHamburguerNavigationController.swift in Sources */ = {isa = PBXBuildFile; fileRef = F0472C9F1E618166005A3141 /* DLHamburguerNavigationController.swift */; };
		F0472CA91E618379005A3141 /* SWRevealViewController.m in Sources */ = {isa = PBXBuildFile; fileRef = F0472CA81E618379005A3141 /* SWRevealViewController.m */; };
		F0893E061E63C9D2007155A6 /* listCVTableViewController.swift in Sources */ = {isa = PBXBuildFile; fileRef = F0893E051E63C9D2007155A6 /* listCVTableViewController.swift */; };
		F0E2D1CE1E5D3E57004A94A2 /* AdminTableViewController.swift in Sources */ = {isa = PBXBuildFile; fileRef = F0E2D1CD1E5D3E57004A94A2 /* AdminTableViewController.swift */; };
		F0FEC8411E559491003F884F /* AppDelegate.swift in Sources */ = {isa = PBXBuildFile; fileRef = F0FEC8401E559491003F884F /* AppDelegate.swift */; };
		F0FEC8431E559491003F884F /* ViewController.swift in Sources */ = {isa = PBXBuildFile; fileRef = F0FEC8421E559491003F884F /* ViewController.swift */; };
		F0FEC8461E559491003F884F /* Main.storyboard in Resources */ = {isa = PBXBuildFile; fileRef = F0FEC8441E559491003F884F /* Main.storyboard */; };
		F0FEC8481E559491003F884F /* Assets.xcassets in Resources */ = {isa = PBXBuildFile; fileRef = F0FEC8471E559491003F884F /* Assets.xcassets */; };
		F0FEC84B1E559491003F884F /* LaunchScreen.storyboard in Resources */ = {isa = PBXBuildFile; fileRef = F0FEC8491E559491003F884F /* LaunchScreen.storyboard */; };
		F0FEC8561E559491003F884F /* DispatchManagementTests.swift in Sources */ = {isa = PBXBuildFile; fileRef = F0FEC8551E559491003F884F /* DispatchManagementTests.swift */; };
		F0FEC8611E559491003F884F /* DispatchManagementUITests.swift in Sources */ = {isa = PBXBuildFile; fileRef = F0FEC8601E559491003F884F /* DispatchManagementUITests.swift */; };
		F0FEC8731E55951A003F884F /* mainViewController.swift in Sources */ = {isa = PBXBuildFile; fileRef = F0FEC8721E55951A003F884F /* mainViewController.swift */; };
		F0FEC8751E559525003F884F /* menuViewController.swift in Sources */ = {isa = PBXBuildFile; fileRef = F0FEC8741E559525003F884F /* menuViewController.swift */; };
		F0FEC8771E559FB0003F884F /* secondViewController.swift in Sources */ = {isa = PBXBuildFile; fileRef = F0FEC8761E559FB0003F884F /* secondViewController.swift */; };
/* End PBXBuildFile section */

/* Begin PBXContainerItemProxy section */
		F0FEC8521E559491003F884F /* PBXContainerItemProxy */ = {
			isa = PBXContainerItemProxy;
			containerPortal = F0FEC8351E559491003F884F /* Project object */;
			proxyType = 1;
			remoteGlobalIDString = F0FEC83C1E559491003F884F;
			remoteInfo = DispatchManagement;
		};
		F0FEC85D1E559491003F884F /* PBXContainerItemProxy */ = {
			isa = PBXContainerItemProxy;
			containerPortal = F0FEC8351E559491003F884F /* Project object */;
			proxyType = 1;
			remoteGlobalIDString = F0FEC83C1E559491003F884F;
			remoteInfo = DispatchManagement;
		};
/* End PBXContainerItemProxy section */

/* Begin PBXFileReference section */
		F003A28D1E5DF84800EC63FB /* AdminViewController.swift */ = {isa = PBXFileReference; fileEncoding = 4; lastKnownFileType = sourcecode.swift; path = AdminViewController.swift; sourceTree = "<group>"; };
		F00A00A91E64067B00BFA9AC /* SkyFloatingLabelTextField.swift */ = {isa = PBXFileReference; fileEncoding = 4; lastKnownFileType = sourcecode.swift; path = SkyFloatingLabelTextField.swift; sourceTree = "<group>"; };
		F00A00AB1E6406B100BFA9AC /* UITextField+fixCaretPosition.swift */ = {isa = PBXFileReference; fileEncoding = 4; lastKnownFileType = sourcecode.swift; path = "UITextField+fixCaretPosition.swift"; sourceTree = "<group>"; };
		F00F69E31E5D67BC00D516BC /* ChitietViewController.swift */ = {isa = PBXFileReference; fileEncoding = 4; lastKnownFileType = sourcecode.swift; path = ChitietViewController.swift; sourceTree = "<group>"; };
		F0472C981E616D49005A3141 /* Reachability.swift */ = {isa = PBXFileReference; fileEncoding = 4; lastKnownFileType = sourcecode.swift; path = Reachability.swift; sourceTree = "<group>"; };
		F0472C9A1E618166005A3141 /* DLDemoMenuViewController.swift */ = {isa = PBXFileReference; fileEncoding = 4; lastKnownFileType = sourcecode.swift; path = DLDemoMenuViewController.swift; sourceTree = "<group>"; };
		F0472C9B1E618166005A3141 /* DLDemoMainContentViewController.swift */ = {isa = PBXFileReference; fileEncoding = 4; lastKnownFileType = sourcecode.swift; path = DLDemoMainContentViewController.swift; sourceTree = "<group>"; };
		F0472C9C1E618166005A3141 /* DLDemoRootViewController.swift */ = {isa = PBXFileReference; fileEncoding = 4; lastKnownFileType = sourcecode.swift; path = DLDemoRootViewController.swift; sourceTree = "<group>"; };
		F0472C9D1E618166005A3141 /* DLHamburguerViewController.swift */ = {isa = PBXFileReference; fileEncoding = 4; lastKnownFileType = sourcecode.swift; path = DLHamburguerViewController.swift; sourceTree = "<group>"; };
		F0472C9E1E618166005A3141 /* DLHamburguerContainerViewController.swift */ = {isa = PBXFileReference; fileEncoding = 4; lastKnownFileType = sourcecode.swift; path = DLHamburguerContainerViewController.swift; sourceTree = "<group>"; };
		F0472C9F1E618166005A3141 /* DLHamburguerNavigationController.swift */ = {isa = PBXFileReference; fileEncoding = 4; lastKnownFileType = sourcecode.swift; path = DLHamburguerNavigationController.swift; sourceTree = "<group>"; };
		F0472CA61E618359005A3141 /* DispatchManagement-Bridging-Header.h */ = {isa = PBXFileReference; lastKnownFileType = sourcecode.c.h; path = "DispatchManagement-Bridging-Header.h"; sourceTree = "<group>"; };
		F0472CA71E618379005A3141 /* SWRevealViewController.h */ = {isa = PBXFileReference; fileEncoding = 4; lastKnownFileType = sourcecode.c.h; path = SWRevealViewController.h; sourceTree = "<group>"; };
		F0472CA81E618379005A3141 /* SWRevealViewController.m */ = {isa = PBXFileReference; fileEncoding = 4; lastKnownFileType = sourcecode.c.objc; path = SWRevealViewController.m; sourceTree = "<group>"; };
		F0893E051E63C9D2007155A6 /* listCVTableViewController.swift */ = {isa = PBXFileReference; fileEncoding = 4; lastKnownFileType = sourcecode.swift; path = listCVTableViewController.swift; sourceTree = "<group>"; };
		F0E2D1CD1E5D3E57004A94A2 /* AdminTableViewController.swift */ = {isa = PBXFileReference; fileEncoding = 4; lastKnownFileType = sourcecode.swift; path = AdminTableViewController.swift; sourceTree = "<group>"; };
		F0FEC83D1E559491003F884F /* MasterDocs.app */ = {isa = PBXFileReference; explicitFileType = wrapper.application; includeInIndex = 0; path = MasterDocs.app; sourceTree = BUILT_PRODUCTS_DIR; };
		F0FEC8401E559491003F884F /* AppDelegate.swift */ = {isa = PBXFileReference; lastKnownFileType = sourcecode.swift; path = AppDelegate.swift; sourceTree = "<group>"; };
		F0FEC8421E559491003F884F /* ViewController.swift */ = {isa = PBXFileReference; lastKnownFileType = sourcecode.swift; path = ViewController.swift; sourceTree = "<group>"; };
		F0FEC8451E559491003F884F /* Base */ = {isa = PBXFileReference; lastKnownFileType = file.storyboard; name = Base; path = Base.lproj/Main.storyboard; sourceTree = "<group>"; };
		F0FEC8471E559491003F884F /* Assets.xcassets */ = {isa = PBXFileReference; lastKnownFileType = folder.assetcatalog; path = Assets.xcassets; sourceTree = "<group>"; };
		F0FEC84A1E559491003F884F /* Base */ = {isa = PBXFileReference; lastKnownFileType = file.storyboard; name = Base; path = Base.lproj/LaunchScreen.storyboard; sourceTree = "<group>"; };
		F0FEC84C1E559491003F884F /* Info.plist */ = {isa = PBXFileReference; lastKnownFileType = text.plist.xml; path = Info.plist; sourceTree = "<group>"; };
		F0FEC8511E559491003F884F /* MasterDocsTests.xctest */ = {isa = PBXFileReference; explicitFileType = wrapper.cfbundle; includeInIndex = 0; path = MasterDocsTests.xctest; sourceTree = BUILT_PRODUCTS_DIR; };
		F0FEC8551E559491003F884F /* DispatchManagementTests.swift */ = {isa = PBXFileReference; lastKnownFileType = sourcecode.swift; path = DispatchManagementTests.swift; sourceTree = "<group>"; };
		F0FEC8571E559491003F884F /* Info.plist */ = {isa = PBXFileReference; lastKnownFileType = text.plist.xml; path = Info.plist; sourceTree = "<group>"; };
		F0FEC85C1E559491003F884F /* MasterDocsUITests.xctest */ = {isa = PBXFileReference; explicitFileType = wrapper.cfbundle; includeInIndex = 0; path = MasterDocsUITests.xctest; sourceTree = BUILT_PRODUCTS_DIR; };
		F0FEC8601E559491003F884F /* DispatchManagementUITests.swift */ = {isa = PBXFileReference; lastKnownFileType = sourcecode.swift; path = DispatchManagementUITests.swift; sourceTree = "<group>"; };
		F0FEC8621E559491003F884F /* Info.plist */ = {isa = PBXFileReference; lastKnownFileType = text.plist.xml; path = Info.plist; sourceTree = "<group>"; };
		F0FEC8721E55951A003F884F /* mainViewController.swift */ = {isa = PBXFileReference; fileEncoding = 4; lastKnownFileType = sourcecode.swift; path = mainViewController.swift; sourceTree = "<group>"; };
		F0FEC8741E559525003F884F /* menuViewController.swift */ = {isa = PBXFileReference; fileEncoding = 4; lastKnownFileType = sourcecode.swift; path = menuViewController.swift; sourceTree = "<group>"; };
		F0FEC8761E559FB0003F884F /* secondViewController.swift */ = {isa = PBXFileReference; fileEncoding = 4; lastKnownFileType = sourcecode.swift; path = secondViewController.swift; sourceTree = "<group>"; };
/* End PBXFileReference section */

/* Begin PBXFrameworksBuildPhase section */
		F0FEC83A1E559491003F884F /* Frameworks */ = {
			isa = PBXFrameworksBuildPhase;
			buildActionMask = 2147483647;
			files = (
			);
			runOnlyForDeploymentPostprocessing = 0;
		};
		F0FEC84E1E559491003F884F /* Frameworks */ = {
			isa = PBXFrameworksBuildPhase;
			buildActionMask = 2147483647;
			files = (
			);
			runOnlyForDeploymentPostprocessing = 0;
		};
		F0FEC8591E559491003F884F /* Frameworks */ = {
			isa = PBXFrameworksBuildPhase;
			buildActionMask = 2147483647;
			files = (
			);
			runOnlyForDeploymentPostprocessing = 0;
		};
/* End PBXFrameworksBuildPhase section */

/* Begin PBXGroup section */
		F00A00AD1E640F2700BFA9AC /* SkyFloatingLabelTextField */ = {
			isa = PBXGroup;
			children = (
				F00A00A91E64067B00BFA9AC /* SkyFloatingLabelTextField.swift */,
				F00A00AB1E6406B100BFA9AC /* UITextField+fixCaretPosition.swift */,
			);
			name = SkyFloatingLabelTextField;
			sourceTree = "<group>";
		};
		F0472CAA1E618918005A3141 /* DLDemoMenuController */ = {
			isa = PBXGroup;
			children = (
				F0472C9A1E618166005A3141 /* DLDemoMenuViewController.swift */,
				F0472C9B1E618166005A3141 /* DLDemoMainContentViewController.swift */,
				F0472C9C1E618166005A3141 /* DLDemoRootViewController.swift */,
				F0472C9D1E618166005A3141 /* DLHamburguerViewController.swift */,
				F0472C9E1E618166005A3141 /* DLHamburguerContainerViewController.swift */,
				F0472C9F1E618166005A3141 /* DLHamburguerNavigationController.swift */,
			);
			name = DLDemoMenuController;
			sourceTree = "<group>";
		};
		F0893E041E63C989007155A6 /* SWRevealViewController */ = {
			isa = PBXGroup;
			children = (
				F0472CA61E618359005A3141 /* DispatchManagement-Bridging-Header.h */,
				F0472CA71E618379005A3141 /* SWRevealViewController.h */,
				F0472CA81E618379005A3141 /* SWRevealViewController.m */,
			);
			name = SWRevealViewController;
			sourceTree = "<group>";
		};
		F0FEC8341E559491003F884F = {
			isa = PBXGroup;
			children = (
				F0FEC83F1E559491003F884F /* DispatchManagement */,
				F0FEC8541E559491003F884F /* DispatchManagementTests */,
				F0FEC85F1E559491003F884F /* DispatchManagementUITests */,
				F0FEC83E1E559491003F884F /* Products */,
			);
			sourceTree = "<group>";
		};
		F0FEC83E1E559491003F884F /* Products */ = {
			isa = PBXGroup;
			children = (
				F0FEC83D1E559491003F884F /* MasterDocs.app */,
				F0FEC8511E559491003F884F /* MasterDocsTests.xctest */,
				F0FEC85C1E559491003F884F /* MasterDocsUITests.xctest */,
			);
			name = Products;
			sourceTree = "<group>";
		};
		F0FEC83F1E559491003F884F /* DispatchManagement */ = {
			isa = PBXGroup;
			children = (
				F00A00AD1E640F2700BFA9AC /* SkyFloatingLabelTextField */,
				F0893E041E63C989007155A6 /* SWRevealViewController */,
				F0472CAA1E618918005A3141 /* DLDemoMenuController */,
				F0472C981E616D49005A3141 /* Reachability.swift */,
				F0FEC8401E559491003F884F /* AppDelegate.swift */,
				F0FEC8421E559491003F884F /* ViewController.swift */,
				F0FEC8441E559491003F884F /* Main.storyboard */,
				F0FEC8471E559491003F884F /* Assets.xcassets */,
				F0FEC8491E559491003F884F /* LaunchScreen.storyboard */,
				F0FEC84C1E559491003F884F /* Info.plist */,
				F0FEC8721E55951A003F884F /* mainViewController.swift */,
				F0FEC8741E559525003F884F /* menuViewController.swift */,
				F0FEC8761E559FB0003F884F /* secondViewController.swift */,
				F0E2D1CD1E5D3E57004A94A2 /* AdminTableViewController.swift */,
				F00F69E31E5D67BC00D516BC /* ChitietViewController.swift */,
				F003A28D1E5DF84800EC63FB /* AdminViewController.swift */,
				F0893E051E63C9D2007155A6 /* listCVTableViewController.swift */,
			);
			path = DispatchManagement;
			sourceTree = "<group>";
		};
		F0FEC8541E559491003F884F /* DispatchManagementTests */ = {
			isa = PBXGroup;
			children = (
				F0FEC8551E559491003F884F /* DispatchManagementTests.swift */,
				F0FEC8571E559491003F884F /* Info.plist */,
			);
			path = DispatchManagementTests;
			sourceTree = "<group>";
		};
		F0FEC85F1E559491003F884F /* DispatchManagementUITests */ = {
			isa = PBXGroup;
			children = (
				F0FEC8601E559491003F884F /* DispatchManagementUITests.swift */,
				F0FEC8621E559491003F884F /* Info.plist */,
			);
			path = DispatchManagementUITests;
			sourceTree = "<group>";
		};
/* End PBXGroup section */

/* Begin PBXNativeTarget section */
		F0FEC83C1E559491003F884F /* MasterDocs */ = {
			isa = PBXNativeTarget;
			buildConfigurationList = F0FEC8651E559491003F884F /* Build configuration list for PBXNativeTarget "MasterDocs" */;
			buildPhases = (
				F0FEC8391E559491003F884F /* Sources */,
				F0FEC83A1E559491003F884F /* Frameworks */,
				F0FEC83B1E559491003F884F /* Resources */,
			);
			buildRules = (
			);
			dependencies = (
			);
			name = MasterDocs;
			productName = DispatchManagement;
			productReference = F0FEC83D1E559491003F884F /* MasterDocs.app */;
			productType = "com.apple.product-type.application";
		};
		F0FEC8501E559491003F884F /* MasterDocsTests */ = {
			isa = PBXNativeTarget;
			buildConfigurationList = F0FEC8681E559491003F884F /* Build configuration list for PBXNativeTarget "MasterDocsTests" */;
			buildPhases = (
				F0FEC84D1E559491003F884F /* Sources */,
				F0FEC84E1E559491003F884F /* Frameworks */,
				F0FEC84F1E559491003F884F /* Resources */,
			);
			buildRules = (
			);
			dependencies = (
				F0FEC8531E559491003F884F /* PBXTargetDependency */,
			);
			name = MasterDocsTests;
			productName = DispatchManagementTests;
			productReference = F0FEC8511E559491003F884F /* MasterDocsTests.xctest */;
			productType = "com.apple.product-type.bundle.unit-test";
		};
		F0FEC85B1E559491003F884F /* MasterDocsUITests */ = {
			isa = PBXNativeTarget;
			buildConfigurationList = F0FEC86B1E559491003F884F /* Build configuration list for PBXNativeTarget "MasterDocsUITests" */;
			buildPhases = (
				F0FEC8581E559491003F884F /* Sources */,
				F0FEC8591E559491003F884F /* Frameworks */,
				F0FEC85A1E559491003F884F /* Resources */,
			);
			buildRules = (
			);
			dependencies = (
				F0FEC85E1E559491003F884F /* PBXTargetDependency */,
			);
			name = MasterDocsUITests;
			productName = DispatchManagementUITests;
			productReference = F0FEC85C1E559491003F884F /* MasterDocsUITests.xctest */;
			productType = "com.apple.product-type.bundle.ui-testing";
		};
/* End PBXNativeTarget section */

/* Begin PBXProject section */
		F0FEC8351E559491003F884F /* Project object */ = {
			isa = PBXProject;
			attributes = {
				LastSwiftUpdateCheck = 0820;
				LastUpgradeCheck = 0820;
				ORGANIZATIONNAME = VanThu;
				TargetAttributes = {
					F0FEC83C1E559491003F884F = {
						CreatedOnToolsVersion = 8.2.1;
						DevelopmentTeam = FQ3H72WP79;
						LastSwiftMigration = 0820;
						ProvisioningStyle = Automatic;
					};
					F0FEC8501E559491003F884F = {
						CreatedOnToolsVersion = 8.2.1;
						DevelopmentTeam = FQ3H72WP79;
						ProvisioningStyle = Automatic;
						TestTargetID = F0FEC83C1E559491003F884F;
					};
					F0FEC85B1E559491003F884F = {
						CreatedOnToolsVersion = 8.2.1;
						DevelopmentTeam = FQ3H72WP79;
						ProvisioningStyle = Automatic;
						TestTargetID = F0FEC83C1E559491003F884F;
					};
				};
			};
			buildConfigurationList = F0FEC8381E559491003F884F /* Build configuration list for PBXProject "MasterDocs" */;
			compatibilityVersion = "Xcode 3.2";
			developmentRegion = English;
			hasScannedForEncodings = 0;
			knownRegions = (
				en,
				Base,
			);
			mainGroup = F0FEC8341E559491003F884F;
			productRefGroup = F0FEC83E1E559491003F884F /* Products */;
			projectDirPath = "";
			projectRoot = "";
			targets = (
				F0FEC83C1E559491003F884F /* MasterDocs */,
				F0FEC8501E559491003F884F /* MasterDocsTests */,
				F0FEC85B1E559491003F884F /* MasterDocsUITests */,
			);
		};
/* End PBXProject section */

/* Begin PBXResourcesBuildPhase section */
		F0FEC83B1E559491003F884F /* Resources */ = {
			isa = PBXResourcesBuildPhase;
			buildActionMask = 2147483647;
			files = (
				F0FEC84B1E559491003F884F /* LaunchScreen.storyboard in Resources */,
				F0FEC8481E559491003F884F /* Assets.xcassets in Resources */,
				F0FEC8461E559491003F884F /* Main.storyboard in Resources */,
			);
			runOnlyForDeploymentPostprocessing = 0;
		};
		F0FEC84F1E559491003F884F /* Resources */ = {
			isa = PBXResourcesBuildPhase;
			buildActionMask = 2147483647;
			files = (
			);
			runOnlyForDeploymentPostprocessing = 0;
		};
		F0FEC85A1E559491003F884F /* Resources */ = {
			isa = PBXResourcesBuildPhase;
			buildActionMask = 2147483647;
			files = (
			);
			runOnlyForDeploymentPostprocessing = 0;
		};
/* End PBXResourcesBuildPhase section */

/* Begin PBXSourcesBuildPhase section */
		F0FEC8391E559491003F884F /* Sources */ = {
			isa = PBXSourcesBuildPhase;
			buildActionMask = 2147483647;
			files = (
				F003A28E1E5DF84800EC63FB /* AdminViewController.swift in Sources */,
				F0FEC8431E559491003F884F /* ViewController.swift in Sources */,
				F0472CA31E618166005A3141 /* DLHamburguerViewController.swift in Sources */,
				F0472CA01E618166005A3141 /* DLDemoMenuViewController.swift in Sources */,
				F0FEC8411E559491003F884F /* AppDelegate.swift in Sources */,
				F0472CA11E618166005A3141 /* DLDemoMainContentViewController.swift in Sources */,
				F00A00AA1E64067B00BFA9AC /* SkyFloatingLabelTextField.swift in Sources */,
				F0472CA51E618166005A3141 /* DLHamburguerNavigationController.swift in Sources */,
				F0893E061E63C9D2007155A6 /* listCVTableViewController.swift in Sources */,
				F0472CA41E618166005A3141 /* DLHamburguerContainerViewController.swift in Sources */,
				F0FEC8731E55951A003F884F /* mainViewController.swift in Sources */,
				F0472CA21E618166005A3141 /* DLDemoRootViewController.swift in Sources */,
				F00A00AC1E6406B100BFA9AC /* UITextField+fixCaretPosition.swift in Sources */,
				F0FEC8771E559FB0003F884F /* secondViewController.swift in Sources */,
				F0472CA91E618379005A3141 /* SWRevealViewController.m in Sources */,
				F0E2D1CE1E5D3E57004A94A2 /* AdminTableViewController.swift in Sources */,
				F0FEC8751E559525003F884F /* menuViewController.swift in Sources */,
				F0472C991E616D49005A3141 /* Reachability.swift in Sources */,
				F00F69E41E5D67BC00D516BC /* ChitietViewController.swift in Sources */,
			);
			runOnlyForDeploymentPostprocessing = 0;
		};
		F0FEC84D1E559491003F884F /* Sources */ = {
			isa = PBXSourcesBuildPhase;
			buildActionMask = 2147483647;
			files = (
				F0FEC8561E559491003F884F /* DispatchManagementTests.swift in Sources */,
			);
			runOnlyForDeploymentPostprocessing = 0;
		};
		F0FEC8581E559491003F884F /* Sources */ = {
			isa = PBXSourcesBuildPhase;
			buildActionMask = 2147483647;
			files = (
				F0FEC8611E559491003F884F /* DispatchManagementUITests.swift in Sources */,
			);
			runOnlyForDeploymentPostprocessing = 0;
		};
/* End PBXSourcesBuildPhase section */

/* Begin PBXTargetDependency section */
		F0FEC8531E559491003F884F /* PBXTargetDependency */ = {
			isa = PBXTargetDependency;
			target = F0FEC83C1E559491003F884F /* MasterDocs */;
			targetProxy = F0FEC8521E559491003F884F /* PBXContainerItemProxy */;
		};
		F0FEC85E1E559491003F884F /* PBXTargetDependency */ = {
			isa = PBXTargetDependency;
			target = F0FEC83C1E559491003F884F /* MasterDocs */;
			targetProxy = F0FEC85D1E559491003F884F /* PBXContainerItemProxy */;
		};
/* End PBXTargetDependency section */

/* Begin PBXVariantGroup section */
		F0FEC8441E559491003F884F /* Main.storyboard */ = {
			isa = PBXVariantGroup;
			children = (
				F0FEC8451E559491003F884F /* Base */,
			);
			name = Main.storyboard;
			sourceTree = "<group>";
		};
		F0FEC8491E559491003F884F /* LaunchScreen.storyboard */ = {
			isa = PBXVariantGroup;
			children = (
				F0FEC84A1E559491003F884F /* Base */,
			);
			name = LaunchScreen.storyboard;
			sourceTree = "<group>";
		};
/* End PBXVariantGroup section */

/* Begin XCBuildConfiguration section */
		F0FEC8631E559491003F884F /* Debug */ = {
			isa = XCBuildConfiguration;
			buildSettings = {
				ALWAYS_SEARCH_USER_PATHS = NO;
				CLANG_ANALYZER_NONNULL = YES;
				CLANG_CXX_LANGUAGE_STANDARD = "gnu++0x";
				CLANG_CXX_LIBRARY = "libc++";
				CLANG_ENABLE_MODULES = YES;
				CLANG_ENABLE_OBJC_ARC = YES;
				CLANG_WARN_BOOL_CONVERSION = YES;
				CLANG_WARN_CONSTANT_CONVERSION = YES;
				CLANG_WARN_DIRECT_OBJC_ISA_USAGE = YES_ERROR;
				CLANG_WARN_DOCUMENTATION_COMMENTS = YES;
				CLANG_WARN_EMPTY_BODY = YES;
				CLANG_WARN_ENUM_CONVERSION = YES;
				CLANG_WARN_INFINITE_RECURSION = YES;
				CLANG_WARN_INT_CONVERSION = YES;
				CLANG_WARN_OBJC_ROOT_CLASS = YES_ERROR;
				CLANG_WARN_SUSPICIOUS_MOVE = YES;
				CLANG_WARN_UNREACHABLE_CODE = YES;
				CLANG_WARN__DUPLICATE_METHOD_MATCH = YES;
				"CODE_SIGN_IDENTITY[sdk=iphoneos*]" = "iPhone Developer";
				COPY_PHASE_STRIP = NO;
				DEBUG_INFORMATION_FORMAT = dwarf;
				ENABLE_STRICT_OBJC_MSGSEND = YES;
				ENABLE_TESTABILITY = YES;
				GCC_C_LANGUAGE_STANDARD = gnu99;
				GCC_DYNAMIC_NO_PIC = NO;
				GCC_NO_COMMON_BLOCKS = YES;
				GCC_OPTIMIZATION_LEVEL = 0;
				GCC_PREPROCESSOR_DEFINITIONS = (
					"DEBUG=1",
					"$(inherited)",
				);
				GCC_WARN_64_TO_32_BIT_CONVERSION = YES;
				GCC_WARN_ABOUT_RETURN_TYPE = YES_ERROR;
				GCC_WARN_UNDECLARED_SELECTOR = YES;
				GCC_WARN_UNINITIALIZED_AUTOS = YES_AGGRESSIVE;
				GCC_WARN_UNUSED_FUNCTION = YES;
				GCC_WARN_UNUSED_VARIABLE = YES;
				IPHONEOS_DEPLOYMENT_TARGET = 10.2;
				MTL_ENABLE_DEBUG_INFO = YES;
				ONLY_ACTIVE_ARCH = YES;
				SDKROOT = iphoneos;
				SWIFT_ACTIVE_COMPILATION_CONDITIONS = DEBUG;
				SWIFT_OPTIMIZATION_LEVEL = "-Onone";
			};
			name = Debug;
		};
		F0FEC8641E559491003F884F /* Release */ = {
			isa = XCBuildConfiguration;
			buildSettings = {
				ALWAYS_SEARCH_USER_PATHS = NO;
				CLANG_ANALYZER_NONNULL = YES;
				CLANG_CXX_LANGUAGE_STANDARD = "gnu++0x";
				CLANG_CXX_LIBRARY = "libc++";
				CLANG_ENABLE_MODULES = YES;
				CLANG_ENABLE_OBJC_ARC = YES;
				CLANG_WARN_BOOL_CONVERSION = YES;
				CLANG_WARN_CONSTANT_CONVERSION = YES;
				CLANG_WARN_DIRECT_OBJC_ISA_USAGE = YES_ERROR;
				CLANG_WARN_DOCUMENTATION_COMMENTS = YES;
				CLANG_WARN_EMPTY_BODY = YES;
				CLANG_WARN_ENUM_CONVERSION = YES;
				CLANG_WARN_INFINITE_RECURSION = YES;
				CLANG_WARN_INT_CONVERSION = YES;
				CLANG_WARN_OBJC_ROOT_CLASS = YES_ERROR;
				CLANG_WARN_SUSPICIOUS_MOVE = YES;
				CLANG_WARN_UNREACHABLE_CODE = YES;
				CLANG_WARN__DUPLICATE_METHOD_MATCH = YES;
				"CODE_SIGN_IDENTITY[sdk=iphoneos*]" = "iPhone Developer";
				COPY_PHASE_STRIP = NO;
				DEBUG_INFORMATION_FORMAT = "dwarf-with-dsym";
				ENABLE_NS_ASSERTIONS = NO;
				ENABLE_STRICT_OBJC_MSGSEND = YES;
				GCC_C_LANGUAGE_STANDARD = gnu99;
				GCC_NO_COMMON_BLOCKS = YES;
				GCC_WARN_64_TO_32_BIT_CONVERSION = YES;
				GCC_WARN_ABOUT_RETURN_TYPE = YES_ERROR;
				GCC_WARN_UNDECLARED_SELECTOR = YES;
				GCC_WARN_UNINITIALIZED_AUTOS = YES_AGGRESSIVE;
				GCC_WARN_UNUSED_FUNCTION = YES;
				GCC_WARN_UNUSED_VARIABLE = YES;
				IPHONEOS_DEPLOYMENT_TARGET = 10.2;
				MTL_ENABLE_DEBUG_INFO = NO;
				SDKROOT = iphoneos;
				SWIFT_OPTIMIZATION_LEVEL = "-Owholemodule";
				VALIDATE_PRODUCT = YES;
			};
			name = Release;
		};
		F0FEC8661E559491003F884F /* Debug */ = {
			isa = XCBuildConfiguration;
			buildSettings = {
				ASSETCATALOG_COMPILER_APPICON_NAME = AppIcon;
				CLANG_ENABLE_MODULES = YES;
				DEVELOPMENT_TEAM = FQ3H72WP79;
				INFOPLIST_FILE = DispatchManagement/Info.plist;
				LD_RUNPATH_SEARCH_PATHS = "$(inherited) @executable_path/Frameworks";
				PRODUCT_BUNDLE_IDENTIFIER = com.MasterDocs;
				PRODUCT_NAME = "$(TARGET_NAME)";
				SWIFT_OBJC_BRIDGING_HEADER = "DispatchManagement/DispatchManagement-Bridging-Header.h";
				SWIFT_OPTIMIZATION_LEVEL = "-Onone";
				SWIFT_VERSION = 3.0;
			};
			name = Debug;
		};
		F0FEC8671E559491003F884F /* Release */ = {
			isa = XCBuildConfiguration;
			buildSettings = {
				ASSETCATALOG_COMPILER_APPICON_NAME = AppIcon;
				CLANG_ENABLE_MODULES = YES;
				DEVELOPMENT_TEAM = FQ3H72WP79;
				INFOPLIST_FILE = DispatchManagement/Info.plist;
				LD_RUNPATH_SEARCH_PATHS = "$(inherited) @executable_path/Frameworks";
				PRODUCT_BUNDLE_IDENTIFIER = com.MasterDocs;
				PRODUCT_NAME = "$(TARGET_NAME)";
				SWIFT_OBJC_BRIDGING_HEADER = "DispatchManagement/DispatchManagement-Bridging-Header.h";
				SWIFT_VERSION = 3.0;
			};
			name = Release;
		};
		F0FEC8691E559491003F884F /* Debug */ = {
			isa = XCBuildConfiguration;
			buildSettings = {
				ALWAYS_EMBED_SWIFT_STANDARD_LIBRARIES = YES;
				BUNDLE_LOADER = "$(TEST_HOST)";
				DEVELOPMENT_TEAM = FQ3H72WP79;
				INFOPLIST_FILE = DispatchManagementTests/Info.plist;
				LD_RUNPATH_SEARCH_PATHS = "$(inherited) @executable_path/Frameworks @loader_path/Frameworks";
				PRODUCT_BUNDLE_IDENTIFIER = com.DispatchManagementTests;
				PRODUCT_NAME = "$(TARGET_NAME)";
				SWIFT_VERSION = 3.0;
				TEST_HOST = "$(BUILT_PRODUCTS_DIR)/MasterDocs.app/MasterDocs";
			};
			name = Debug;
		};
		F0FEC86A1E559491003F884F /* Release */ = {
			isa = XCBuildConfiguration;
			buildSettings = {
				ALWAYS_EMBED_SWIFT_STANDARD_LIBRARIES = YES;
				BUNDLE_LOADER = "$(TEST_HOST)";
				DEVELOPMENT_TEAM = FQ3H72WP79;
				INFOPLIST_FILE = DispatchManagementTests/Info.plist;
				LD_RUNPATH_SEARCH_PATHS = "$(inherited) @executable_path/Frameworks @loader_path/Frameworks";
				PRODUCT_BUNDLE_IDENTIFIER = com.DispatchManagementTests;
				PRODUCT_NAME = "$(TARGET_NAME)";
				SWIFT_VERSION = 3.0;
				TEST_HOST = "$(BUILT_PRODUCTS_DIR)/MasterDocs.app/MasterDocs";
			};
			name = Release;
		};
		F0FEC86C1E559491003F884F /* Debug */ = {
			isa = XCBuildConfiguration;
			buildSettings = {
				ALWAYS_EMBED_SWIFT_STANDARD_LIBRARIES = YES;
				DEVELOPMENT_TEAM = FQ3H72WP79;
				INFOPLIST_FILE = DispatchManagementUITests/Info.plist;
				LD_RUNPATH_SEARCH_PATHS = "$(inherited) @executable_path/Frameworks @loader_path/Frameworks";
				PRODUCT_BUNDLE_IDENTIFIER = com.DispatchManagementUITests;
				PRODUCT_NAME = "$(TARGET_NAME)";
				SWIFT_VERSION = 3.0;
				TEST_TARGET_NAME = DispatchManagement;
			};
			name = Debug;
		};
		F0FEC86D1E559491003F884F /* Release */ = {
			isa = XCBuildConfiguration;
			buildSettings = {
				ALWAYS_EMBED_SWIFT_STANDARD_LIBRARIES = YES;
				DEVELOPMENT_TEAM = FQ3H72WP79;
				INFOPLIST_FILE = DispatchManagementUITests/Info.plist;
				LD_RUNPATH_SEARCH_PATHS = "$(inherited) @executable_path/Frameworks @loader_path/Frameworks";
				PRODUCT_BUNDLE_IDENTIFIER = com.DispatchManagementUITests;
				PRODUCT_NAME = "$(TARGET_NAME)";
				SWIFT_VERSION = 3.0;
				TEST_TARGET_NAME = DispatchManagement;
			};
			name = Release;
		};
/* End XCBuildConfiguration section */

/* Begin XCConfigurationList section */
		F0FEC8381E559491003F884F /* Build configuration list for PBXProject "MasterDocs" */ = {
			isa = XCConfigurationList;
			buildConfigurations = (
				F0FEC8631E559491003F884F /* Debug */,
				F0FEC8641E559491003F884F /* Release */,
			);
			defaultConfigurationIsVisible = 0;
			defaultConfigurationName = Release;
		};
		F0FEC8651E559491003F884F /* Build configuration list for PBXNativeTarget "MasterDocs" */ = {
			isa = XCConfigurationList;
			buildConfigurations = (
				F0FEC8661E559491003F884F /* Debug */,
				F0FEC8671E559491003F884F /* Release */,
			);
			defaultConfigurationIsVisible = 0;
			defaultConfigurationName = Release;
		};
		F0FEC8681E559491003F884F /* Build configuration list for PBXNativeTarget "MasterDocsTests" */ = {
			isa = XCConfigurationList;
			buildConfigurations = (
				F0FEC8691E559491003F884F /* Debug */,
				F0FEC86A1E559491003F884F /* Release */,
			);
			defaultConfigurationIsVisible = 0;
			defaultConfigurationName = Release;
		};
		F0FEC86B1E559491003F884F /* Build configuration list for PBXNativeTarget "MasterDocsUITests" */ = {
			isa = XCConfigurationList;
			buildConfigurations = (
				F0FEC86C1E559491003F884F /* Debug */,
				F0FEC86D1E559491003F884F /* Release */,
			);
			defaultConfigurationIsVisible = 0;
			defaultConfigurationName = Release;
		};
/* End XCConfigurationList section */
	};
	rootObject = F0FEC8351E559491003F884F /* Project object */;
}
